
Microsoft Visual Studio Solution File, Format Version 12.00
# Visual Studio Version 16
VisualStudioVersion = 16.0.30413.136
MinimumVisualStudioVersion = 10.0.40219.1
Project("{8BC9CEB8-8B4A-11D0-8D11-00A0C91BC942}") = "EX01", "EX01\EX01.vcxproj", "{2F29F593-FB04-4A11-9273-290284262591}"
EndProject
Project("{8BC9CEB8-8B4A-11D0-8D11-00A0C91BC942}") = "EX02", "EX02\EX02.vcxproj", "{A63E6834-7BB5-44DC-B871-BC9B1CB76BE6}"
EndProject
Project("{8BC9CEB8-8B4A-11D0-8D11-00A0C91BC942}") = "EX03", "EX03\EX03.vcxproj", "{629D5717-6CCF-4DA6-897E-69A2DE001338}"
EndProject
Project("{8BC9CEB8-8B4A-11D0-8D11-00A0C91BC942}") = "EX04", "EX04\EX04.vcxproj", "{D1223EAB-BE11-4669-8F47-3C4B65750BBE}"
EndProject
Global
	GlobalSection(SolutionConfigurationPlatforms) = preSolution
		Debug|x64 = Debug|x64
		Debug|x86 = Debug|x86
		Release|x64 = Release|x64
		Release|x86 = Release|x86
	EndGlobalSection
	GlobalSection(ProjectConfigurationPlatforms) = postSolution
		{2F29F593-FB04-4A11-9273-290284262591}.Debug|x64.ActiveCfg = Debug|x64
		{2F29F593-FB04-4A11-9273-290284262591}.Debug|x64.Build.0 = Debug|x64
		{2F29F593-FB04-4A11-9273-290284262591}.Debug|x86.ActiveCfg = Debug|Win32
		{2F29F593-FB04-4A11-9273-290284262591}.Debug|x86.Build.0 = Debug|Win32
		{2F29F593-FB04-4A11-9273-290284262591}.Release|x64.ActiveCfg = Release|x64
		{2F29F593-FB04-4A11-9273-290284262591}.Release|x64.Build.0 = Release|x64
		{2F29F593-FB04-4A11-9273-290284262591}.Release|x86.ActiveCfg = Release|Win32
		{2F29F593-FB04-4A11-9273-290284262591}.Release|x86.Build.0 = Release|Win32
		{A63E6834-7BB5-44DC-B871-BC9B1CB76BE6}.Debug|x64.ActiveCfg = Debug|x64
		{A63E6834-7BB5-44DC-B871-BC9B1CB76BE6}.Debug|x64.Build.0 = Debug|x64
		{A63E6834-7BB5-44DC-B871-BC9B1CB76BE6}.Debug|x86.ActiveCfg = Debug|Win32
		{A63E6834-7BB5-44DC-B871-BC9B1CB76BE6}.Debug|x86.Build.0 = Debug|Win32
		{A63E6834-7BB5-44DC-B871-BC9B1CB76BE6}.Release|x64.ActiveCfg = Release|x64
		{A63E6834-7BB5-44DC-B871-BC9B1CB76BE6}.Release|x64.Build.0 = Release|x64
		{A63E6834-7BB5-44DC-B871-BC9B1CB76BE6}.Release|x86.ActiveCfg = Release|Win32
		{A63E6834-7BB5-44DC-B871-BC9B1CB76BE6}.Release|x86.Build.0 = Release|Win32
		{629D5717-6CCF-4DA6-897E-69A2DE001338}.Debug|x64.ActiveCfg = Debug|x64
		{629D5717-6CCF-4DA6-897E-69A2DE001338}.Debug|x64.Build.0 = Debug|x64
		{629D5717-6CCF-4DA6-897E-69A2DE001338}.Debug|x86.ActiveCfg = Debug|Win32
		{629D5717-6CCF-4DA6-897E-69A2DE001338}.Debug|x86.Build.0 = Debug|Win32
		{629D5717-6CCF-4DA6-897E-69A2DE001338}.Release|x64.ActiveCfg = Release|x64
		{629D5717-6CCF-4DA6-897E-69A2DE001338}.Release|x64.Build.0 = Release|x64
		{629D5717-6CCF-4DA6-897E-69A2DE001338}.Release|x86.ActiveCfg = Release|Win32
		{629D5717-6CCF-4DA6-897E-69A2DE001338}.Release|x86.Build.0 = Release|Win32
		{D1223EAB-BE11-4669-8F47-3C4B65750BBE}.Debug|x64.ActiveCfg = Debug|x64
		{D1223EAB-BE11-4669-8F47-3C4B65750BBE}.Debug|x64.Build.0 = Debug|x64
		{D1223EAB-BE11-4669-8F47-3C4B65750BBE}.Debug|x86.ActiveCfg = Debug|Win32
		{D1223EAB-BE11-4669-8F47-3C4B65750BBE}.Debug|x86.Build.0 = Debug|Win32
		{D1223EAB-BE11-4669-8F47-3C4B65750BBE}.Release|x64.ActiveCfg = Release|x64
		{D1223EAB-BE11-4669-8F47-3C4B65750BBE}.Release|x64.Build.0 = Release|x64
		{D1223EAB-BE11-4669-8F47-3C4B65750BBE}.Release|x86.ActiveCfg = Release|Win32
		{D1223EAB-BE11-4669-8F47-3C4B65750BBE}.Release|x86.Build.0 = Release|Win32
	EndGlobalSection
	GlobalSection(SolutionProperties) = preSolution
		HideSolutionNode = FALSE
	EndGlobalSection
	GlobalSection(ExtensibilityGlobals) = postSolution
		SolutionGuid = {C85B655C-FF40-4CDA-8502-48E5FE4D308D}
	EndGlobalSection
EndGlobal
